
Microsoft Visual Studio Solution File, Format Version 12.00
# Visual Studio Version 16
VisualStudioVersion = 16.0.30114.105
MinimumVisualStudioVersion = 10.0.40219.1
Project("{FAE04EC0-301F-11D3-BF4B-00C04F79EFBC}") = "ECurve", "ECurve\ECurve.csproj", "{48984128-3144-429A-94FA-63CAA07640D8}"
EndProject
Project("{FAE04EC0-301F-11D3-BF4B-00C04F79EFBC}") = "ECurve.Tests", "ECurve.Tests\ECurve.Tests.csproj", "{CD07AB6E-C1A9-49B6-AC8A-16798E35E63A}"
EndProject
Global
	GlobalSection(SolutionConfigurationPlatforms) = preSolution
		Debug|Any CPU = Debug|Any CPU
		Release|Any CPU = Release|Any CPU
	EndGlobalSection
	GlobalSection(SolutionProperties) = preSolution
		HideSolutionNode = FALSE
	EndGlobalSection
	GlobalSection(ProjectConfigurationPlatforms) = postSolution
		{48984128-3144-429A-94FA-63CAA07640D8}.Debug|Any CPU.ActiveCfg = Debug|Any CPU
		{48984128-3144-429A-94FA-63CAA07640D8}.Debug|Any CPU.Build.0 = Debug|Any CPU
		{48984128-3144-429A-94FA-63CAA07640D8}.Release|Any CPU.ActiveCfg = Release|Any CPU
		{48984128-3144-429A-94FA-63CAA07640D8}.Release|Any CPU.Build.0 = Release|Any CPU
		{CD07AB6E-C1A9-49B6-AC8A-16798E35E63A}.Debug|Any CPU.ActiveCfg = Debug|Any CPU
		{CD07AB6E-C1A9-49B6-AC8A-16798E35E63A}.Debug|Any CPU.Build.0 = Debug|Any CPU
		{CD07AB6E-C1A9-49B6-AC8A-16798E35E63A}.Release|Any CPU.ActiveCfg = Release|Any CPU
		{CD07AB6E-C1A9-49B6-AC8A-16798E35E63A}.Release|Any CPU.Build.0 = Release|Any CPU
	EndGlobalSection
EndGlobal
